// !$*UTF8*$!
{
	archiveVersion = 1;
	classes = {
	};
	objectVersion = 50;
	objects = {

/* Begin PBXBuildFile section */
		1818BCE923FA5E700076C34D /* AppDelegate.swift in Sources */ = {isa = PBXBuildFile; fileRef = 1818BCE823FA5E700076C34D /* AppDelegate.swift */; };
		1818BCEB23FA5E700076C34D /* SceneDelegate.swift in Sources */ = {isa = PBXBuildFile; fileRef = 1818BCEA23FA5E700076C34D /* SceneDelegate.swift */; };
		1818BCED23FA5E700076C34D /* ViewController.swift in Sources */ = {isa = PBXBuildFile; fileRef = 1818BCEC23FA5E700076C34D /* ViewController.swift */; };
		1818BCF023FA5E700076C34D /* Main.storyboard in Resources */ = {isa = PBXBuildFile; fileRef = 1818BCEE23FA5E700076C34D /* Main.storyboard */; };
		1818BCF223FA5E730076C34D /* Assets.xcassets in Resources */ = {isa = PBXBuildFile; fileRef = 1818BCF123FA5E730076C34D /* Assets.xcassets */; };
		1818BCF523FA5E730076C34D /* LaunchScreen.storyboard in Resources */ = {isa = PBXBuildFile; fileRef = 1818BCF323FA5E730076C34D /* LaunchScreen.storyboard */; };
		1818BCFD23FA5FB70076C34D /* TableViewCell.swift in Sources */ = {isa = PBXBuildFile; fileRef = 1818BCFC23FA5FB70076C34D /* TableViewCell.swift */; };
/* End PBXBuildFile section */

/* Begin PBXFileReference section */
		1818BCE523FA5E700076C34D /* F_TableView_WithCell.app */ = {isa = PBXFileReference; explicitFileType = wrapper.application; includeInIndex = 0; path = F_TableView_WithCell.app; sourceTree = BUILT_PRODUCTS_DIR; };
		1818BCE823FA5E700076C34D /* AppDelegate.swift */ = {isa = PBXFileReference; lastKnownFileType = sourcecode.swift; path = AppDelegate.swift; sourceTree = "<group>"; };
		1818BCEA23FA5E700076C34D /* SceneDelegate.swift */ = {isa = PBXFileReference; lastKnownFileType = sourcecode.swift; path = SceneDelegate.swift; sourceTree = "<group>"; };
		1818BCEC23FA5E700076C34D /* ViewController.swift */ = {isa = PBXFileReference; lastKnownFileType = sourcecode.swift; path = ViewController.swift; sourceTree = "<group>"; };
		1818BCEF23FA5E700076C34D /* Base */ = {isa = PBXFileReference; lastKnownFileType = file.storyboard; name = Base; path = Base.lproj/Main.storyboard; sourceTree = "<group>"; };
		1818BCF123FA5E730076C34D /* Assets.xcassets */ = {isa = PBXFileReference; lastKnownFileType = folder.assetcatalog; path = Assets.xcassets; sourceTree = "<group>"; };
		1818BCF423FA5E730076C34D /* Base */ = {isa = PBXFileReference; lastKnownFileType = file.storyboard; name = Base; path = Base.lproj/LaunchScreen.storyboard; sourceTree = "<group>"; };
		1818BCF623FA5E730076C34D /* Info.plist */ = {isa = PBXFileReference; lastKnownFileType = text.plist.xml; path = Info.plist; sourceTree = "<group>"; };
		1818BCFC23FA5FB70076C34D /* TableViewCell.swift */ = {isa = PBXFileReference; lastKnownFileType = sourcecode.swift; path = TableViewCell.swift; sourceTree = "<group>"; };
/* End PBXFileReference section */

/* Begin PBXFrameworksBuildPhase section */
		1818BCE223FA5E700076C34D /* Frameworks */ = {
			isa = PBXFrameworksBuildPhase;
			buildActionMask = 2147483647;
			files = (
			);
			runOnlyForDeploymentPostprocessing = 0;
		};
/* End PBXFrameworksBuildPhase section */

/* Begin PBXGroup section */
		1818BCDC23FA5E700076C34D = {
			isa = PBXGroup;
			children = (
				1818BCE723FA5E700076C34D /* F_TableView_WithCell */,
				1818BCE623FA5E700076C34D /* Products */,
			);
			sourceTree = "<group>";
		};
		1818BCE623FA5E700076C34D /* Products */ = {
			isa = PBXGroup;
			children = (
				1818BCE523FA5E700076C34D /* F_TableView_WithCell.app */,
			);
			name = Products;
			sourceTree = "<group>";
		};
		1818BCE723FA5E700076C34D /* F_TableView_WithCell */ = {
			isa = PBXGroup;
			children = (
				1818BCE823FA5E700076C34D /* AppDelegate.swift */,
				1818BCEA23FA5E700076C34D /* SceneDelegate.swift */,
				1818BCEC23FA5E700076C34D /* ViewController.swift */,
				1818BCEE23FA5E700076C34D /* Main.storyboard */,
				1818BCFC23FA5FB70076C34D /* TableViewCell.swift */,
				1818BCF123FA5E730076C34D /* Assets.xcassets */,
				1818BCF323FA5E730076C34D /* LaunchScreen.storyboard */,
				1818BCF623FA5E730076C34D /* Info.plist */,
			);
			path = F_TableView_WithCell;
			sourceTree = "<group>";
		};
/* End PBXGroup section */

/* Begin PBXNativeTarget section */
		1818BCE423FA5E700076C34D /* F_TableView_WithCell */ = {
			isa = PBXNativeTarget;
			buildConfigurationList = 1818BCF923FA5E730076C34D /* Build configuration list for PBXNativeTarget "F_TableView_WithCell" */;
			buildPhases = (
				1818BCE123FA5E700076C34D /* Sources */,
				1818BCE223FA5E700076C34D /* Frameworks */,
				1818BCE323FA5E700076C34D /* Resources */,
			);
			buildRules = (
			);
			dependencies = (
			);
			name = F_TableView_WithCell;
			productName = F_TableView_WithCell;
			productReference = 1818BCE523FA5E700076C34D /* F_TableView_WithCell.app */;
			productType = "com.apple.product-type.application";
		};
/* End PBXNativeTarget section */

/* Begin PBXProject section */
		1818BCDD23FA5E700076C34D /* Project object */ = {
			isa = PBXProject;
			attributes = {
				LastSwiftUpdateCheck = 1130;
				LastUpgradeCheck = 1130;
				ORGANIZATIONNAME = apple;
				TargetAttributes = {
					1818BCE423FA5E700076C34D = {
						CreatedOnToolsVersion = 11.3.1;
					};
				};
			};
			buildConfigurationList = 1818BCE023FA5E700076C34D /* Build configuration list for PBXProject "F_TableView_WithCell" */;
			compatibilityVersion = "Xcode 9.3";
			developmentRegion = en;
			hasScannedForEncodings = 0;
			knownRegions = (
				en,
				Base,
			);
			mainGroup = 1818BCDC23FA5E700076C34D;
			productRefGroup = 1818BCE623FA5E700076C34D /* Products */;
			projectDirPath = "";
			projectRoot = "";
			targets = (
				1818BCE423FA5E700076C34D /* F_TableView_WithCell */,
			);
		};
/* End PBXProject section */

/* Begin PBXResourcesBuildPhase section */
		1818BCE323FA5E700076C34D /* Resources */ = {
			isa = PBXResourcesBuildPhase;
			buildActionMask = 2147483647;
			files = (
				1818BCF523FA5E730076C34D /* LaunchScreen.storyboard in Resources */,
				1818BCF223FA5E730076C34D /* Assets.xcassets in Resources */,
				1818BCF023FA5E700076C34D /* Main.storyboard in Resources */,
			);
			runOnlyForDeploymentPostprocessing = 0;
		};
/* End PBXResourcesBuildPhase section */

/* Begin PBXSourcesBuildPhase section */
		1818BCE123FA5E700076C34D /* Sources */ = {
			isa = PBXSourcesBuildPhase;
			buildActionMask = 2147483647;
			files = (
				1818BCED23FA5E700076C34D /* ViewController.swift in Sources */,
				1818BCFD23FA5FB70076C34D /* TableViewCell.swift in Sources */,
				1818BCE923FA5E700076C34D /* AppDelegate.swift in Sources */,
				1818BCEB23FA5E700076C34D /* SceneDelegate.swift in Sources */,
			);
			runOnlyForDeploymentPostprocessing = 0;
		};
/* End PBXSourcesBuildPhase section */

/* Begin PBXVariantGroup section */
		1818BCEE23FA5E700076C34D /* Main.storyboard */ = {
			isa = PBXVariantGroup;
			children = (
				1818BCEF23FA5E700076C34D /* Base */,
			);
			name = Main.storyboard;
			sourceTree = "<group>";
		};
		1818BCF323FA5E730076C34D /* LaunchScreen.storyboard */ = {
			isa = PBXVariantGroup;
			children = (
				1818BCF423FA5E730076C34D /* Base */,
			);
			name = LaunchScreen.storyboard;
			sourceTree = "<group>";
		};
/* End PBXVariantGroup section */

/* Begin XCBuildConfiguration section */
		1818BCF723FA5E730076C34D /* Debug */ = {
			isa = XCBuildConfiguration;
			buildSettings = {
				ALWAYS_SEARCH_USER_PATHS = NO;
				CLANG_ANALYZER_NONNULL = YES;
				CLANG_ANALYZER_NUMBER_OBJECT_CONVERSION = YES_AGGRESSIVE;
				CLANG_CXX_LANGUAGE_STANDARD = "gnu++14";
				CLANG_CXX_LIBRARY = "libc++";
				CLANG_ENABLE_MODULES = YES;
				CLANG_ENABLE_OBJC_ARC = YES;
				CLANG_ENABLE_OBJC_WEAK = YES;
				CLANG_WARN_BLOCK_CAPTURE_AUTORELEASING = YES;
				CLANG_WARN_BOOL_CONVERSION = YES;
				CLANG_WARN_COMMA = YES;
				CLANG_WARN_CONSTANT_CONVERSION = YES;
				CLANG_WARN_DEPRECATED_OBJC_IMPLEMENTATIONS = YES;
				CLANG_WARN_DIRECT_OBJC_ISA_USAGE = YES_ERROR;
				CLANG_WARN_DOCUMENTATION_COMMENTS = YES;
				CLANG_WARN_EMPTY_BODY = YES;
				CLANG_WARN_ENUM_CONVERSION = YES;
				CLANG_WARN_INFINITE_RECURSION = YES;
				CLANG_WARN_INT_CONVERSION = YES;
				CLANG_WARN_NON_LITERAL_NULL_CONVERSION = YES;
				CLANG_WARN_OBJC_IMPLICIT_RETAIN_SELF = YES;
				CLANG_WARN_OBJC_LITERAL_CONVERSION = YES;
				CLANG_WARN_OBJC_ROOT_CLASS = YES_ERROR;
				CLANG_WARN_RANGE_LOOP_ANALYSIS = YES;
				CLANG_WARN_STRICT_PROTOTYPES = YES;
				CLANG_WARN_SUSPICIOUS_MOVE = YES;
				CLANG_WARN_UNGUARDED_AVAILABILITY = YES_AGGRESSIVE;
				CLANG_WARN_UNREACHABLE_CODE = YES;
				CLANG_WARN__DUPLICATE_METHOD_MATCH = YES;
				COPY_PHASE_STRIP = NO;
				DEBUG_INFORMATION_FORMAT = dwarf;
				ENABLE_STRICT_OBJC_MSGSEND = YES;
				ENABLE_TESTABILITY = YES;
				GCC_C_LANGUAGE_STANDARD = gnu11;
				GCC_DYNAMIC_NO_PIC = NO;
				GCC_NO_COMMON_BLOCKS = YES;
				GCC_OPTIMIZATION_LEVEL = 0;
				GCC_PREPROCESSOR_DEFINITIONS = (
					"DEBUG=1",
					"$(inherited)",
				);
				GCC_WARN_64_TO_32_BIT_CONVERSION = YES;
				GCC_WARN_ABOUT_RETURN_TYPE = YES_ERROR;
				GCC_WARN_UNDECLARED_SELECTOR = YES;
				GCC_WARN_UNINITIALIZED_AUTOS = YES_AGGRESSIVE;
				GCC_WARN_UNUSED_FUNCTION = YES;
				GCC_WARN_UNUSED_VARIABLE = YES;
				IPHONEOS_DEPLOYMENT_TARGET = 13.2;
				MTL_ENABLE_DEBUG_INFO = INCLUDE_SOURCE;
				MTL_FAST_MATH = YES;
				ONLY_ACTIVE_ARCH = YES;
				SDKROOT = iphoneos;
				SWIFT_ACTIVE_COMPILATION_CONDITIONS = DEBUG;
				SWIFT_OPTIMIZATION_LEVEL = "-Onone";
			};
			name = Debug;
		};
		1818BCF823FA5E730076C34D /* Release */ = {
			isa = XCBuildConfiguration;
			buildSettings = {
				ALWAYS_SEARCH_USER_PATHS = NO;
				CLANG_ANALYZER_NONNULL = YES;
				CLANG_ANALYZER_NUMBER_OBJECT_CONVERSION = YES_AGGRESSIVE;
				CLANG_CXX_LANGUAGE_STANDARD = "gnu++14";
				CLANG_CXX_LIBRARY = "libc++";
				CLANG_ENABLE_MODULES = YES;
				CLANG_ENABLE_OBJC_ARC = YES;
				CLANG_ENABLE_OBJC_WEAK = YES;
				CLANG_WARN_BLOCK_CAPTURE_AUTORELEASING = YES;
				CLANG_WARN_BOOL_CONVERSION = YES;
				CLANG_WARN_COMMA = YES;
				CLANG_WARN_CONSTANT_CONVERSION = YES;
				CLANG_WARN_DEPRECATED_OBJC_IMPLEMENTATIONS = YES;
				CLANG_WARN_DIRECT_OBJC_ISA_USAGE = YES_ERROR;
				CLANG_WARN_DOCUMENTATION_COMMENTS = YES;
				CLANG_WARN_EMPTY_BODY = YES;
				CLANG_WARN_ENUM_CONVERSION = YES;
				CLANG_WARN_INFINITE_RECURSION = YES;
				CLANG_WARN_INT_CONVERSION = YES;
				CLANG_WARN_NON_LITERAL_NULL_CONVERSION = YES;
				CLANG_WARN_OBJC_IMPLICIT_RETAIN_SELF = YES;
				CLANG_WARN_OBJC_LITERAL_CONVERSION = YES;
				CLANG_WARN_OBJC_ROOT_CLASS = YES_ERROR;
				CLANG_WARN_RANGE_LOOP_ANALYSIS = YES;
				CLANG_WARN_STRICT_PROTOTYPES = YES;
				CLANG_WARN_SUSPICIOUS_MOVE = YES;
				CLANG_WARN_UNGUARDED_AVAILABILITY = YES_AGGRESSIVE;
				CLANG_WARN_UNREACHABLE_CODE = YES;
				CLANG_WARN__DUPLICATE_METHOD_MATCH = YES;
				COPY_PHASE_STRIP = NO;
				DEBUG_INFORMATION_FORMAT = "dwarf-with-dsym";
				ENABLE_NS_ASSERTIONS = NO;
				ENABLE_STRICT_OBJC_MSGSEND = YES;
				GCC_C_LANGUAGE_STANDARD = gnu11;
				GCC_NO_COMMON_BLOCKS = YES;
				GCC_WARN_64_TO_32_BIT_CONVERSION = YES;
				GCC_WARN_ABOUT_RETURN_TYPE = YES_ERROR;
				GCC_WARN_UNDECLARED_SELECTOR = YES;
				GCC_WARN_UNINITIALIZED_AUTOS = YES_AGGRESSIVE;
				GCC_WARN_UNUSED_FUNCTION = YES;
				GCC_WARN_UNUSED_VARIABLE = YES;
				IPHONEOS_DEPLOYMENT_TARGET = 13.2;
				MTL_ENABLE_DEBUG_INFO = NO;
				MTL_FAST_MATH = YES;
				SDKROOT = iphoneos;
				SWIFT_COMPILATION_MODE = wholemodule;
				SWIFT_OPTIMIZATION_LEVEL = "-O";
				VALIDATE_PRODUCT = YES;
			};
			name = Release;
		};
		1818BCFA23FA5E730076C34D /* Debug */ = {
			isa = XCBuildConfiguration;
			buildSettings = {
				ASSETCATALOG_COMPILER_APPICON_NAME = AppIcon;
				CODE_SIGN_STYLE = Automatic;
				INFOPLIST_FILE = F_TableView_WithCell/Info.plist;
				LD_RUNPATH_SEARCH_PATHS = (
					"$(inherited)",
					"@executable_path/Frameworks",
				);
				PRODUCT_BUNDLE_IDENTIFIER = "firstapp.F-TableView-WithCell";
				PRODUCT_NAME = "$(TARGET_NAME)";
				SWIFT_VERSION = 5.0;
				TARGETED_DEVICE_FAMILY = "1,2";
			};
			name = Debug;
		};
		1818BCFB23FA5E730076C34D /* Release */ = {
			isa = XCBuildConfiguration;
			buildSettings = {
				ASSETCATALOG_COMPILER_APPICON_NAME = AppIcon;
				CODE_SIGN_STYLE = Automatic;
				INFOPLIST_FILE = F_TableView_WithCell/Info.plist;
				LD_RUNPATH_SEARCH_PATHS = (
					"$(inherited)",
					"@executable_path/Frameworks",
				);
				PRODUCT_BUNDLE_IDENTIFIER = "firstapp.F-TableView-WithCell";
				PRODUCT_NAME = "$(TARGET_NAME)";
				SWIFT_VERSION = 5.0;
				TARGETED_DEVICE_FAMILY = "1,2";
			};
			name = Release;
		};
/* End XCBuildConfiguration section */

/* Begin XCConfigurationList section */
		1818BCE023FA5E700076C34D /* Build configuration list for PBXProject "F_TableView_WithCell" */ = {
			isa = XCConfigurationList;
			buildConfigurations = (
				1818BCF723FA5E730076C34D /* Debug */,
				1818BCF823FA5E730076C34D /* Release */,
			);
			defaultConfigurationIsVisible = 0;
			defaultConfigurationName = Release;
		};
		1818BCF923FA5E730076C34D /* Build configuration list for PBXNativeTarget "F_TableView_WithCell" */ = {
			isa = XCConfigurationList;
			buildConfigurations = (
				1818BCFA23FA5E730076C34D /* Debug */,
				1818BCFB23FA5E730076C34D /* Release */,
			);
			defaultConfigurationIsVisible = 0;
			defaultConfigurationName = Release;
		};
/* End XCConfigurationList section */
	};
	rootObject = 1818BCDD23FA5E700076C34D /* Project object */;
}
